
Microsoft Visual Studio Solution File, Format Version 12.00
# Visual Studio Version 17
VisualStudioVersion = 17.1.32228.430
MinimumVisualStudioVersion = 10.0.40219.1
Project("{FAE04EC0-301F-11D3-BF4B-00C04F79EFBC}") = "pjVentaHeredada", "pjVentaHeredada\pjVentaHeredada.csproj", "{D93EC195-D32C-4AD2-B82E-C1EF237A6718}"
EndProject
Project("{FAE04EC0-301F-11D3-BF4B-00C04F79EFBC}") = "Modelo", "Modelo\Modelo.csproj", "{DD129298-9CD4-4DB0-AE72-9B43AA176E6A}"
EndProject
Global
	GlobalSection(SolutionConfigurationPlatforms) = preSolution
		Debug|Any CPU = Debug|Any CPU
		Release|Any CPU = Release|Any CPU
	EndGlobalSection
	GlobalSection(ProjectConfigurationPlatforms) = postSolution
		{D93EC195-D32C-4AD2-B82E-C1EF237A6718}.Debug|Any CPU.ActiveCfg = Debug|Any CPU
		{D93EC195-D32C-4AD2-B82E-C1EF237A6718}.Debug|Any CPU.Build.0 = Debug|Any CPU
		{D93EC195-D32C-4AD2-B82E-C1EF237A6718}.Release|Any CPU.ActiveCfg = Release|Any CPU
		{D93EC195-D32C-4AD2-B82E-C1EF237A6718}.Release|Any CPU.Build.0 = Release|Any CPU
		{DD129298-9CD4-4DB0-AE72-9B43AA176E6A}.Debug|Any CPU.ActiveCfg = Debug|Any CPU
		{DD129298-9CD4-4DB0-AE72-9B43AA176E6A}.Debug|Any CPU.Build.0 = Debug|Any CPU
		{DD129298-9CD4-4DB0-AE72-9B43AA176E6A}.Release|Any CPU.ActiveCfg = Release|Any CPU
		{DD129298-9CD4-4DB0-AE72-9B43AA176E6A}.Release|Any CPU.Build.0 = Release|Any CPU
	EndGlobalSection
	GlobalSection(SolutionProperties) = preSolution
		HideSolutionNode = FALSE
	EndGlobalSection
	GlobalSection(ExtensibilityGlobals) = postSolution
		SolutionGuid = {4BF59742-8151-4E5B-B811-955B5969E173}
	EndGlobalSection
EndGlobal
